
Microsoft Visual Studio Solution File, Format Version 12.00
# Visual Studio Version 16
VisualStudioVersion = 16.0.30621.155
MinimumVisualStudioVersion = 10.0.40219.1
Project("{FAE04EC0-301F-11D3-BF4B-00C04F79EFBC}") = "PROJECT", "PROJECT\PROJECT.csproj", "{D7243BDC-EE45-4299-BD0B-CFB5B5C94008}"
EndProject
Global
	GlobalSection(SolutionConfigurationPlatforms) = preSolution
		Debug|Any CPU = Debug|Any CPU
		Release|Any CPU = Release|Any CPU
	EndGlobalSection
	GlobalSection(ProjectConfigurationPlatforms) = postSolution
		{D7243BDC-EE45-4299-BD0B-CFB5B5C94008}.Debug|Any CPU.ActiveCfg = Debug|Any CPU
		{D7243BDC-EE45-4299-BD0B-CFB5B5C94008}.Debug|Any CPU.Build.0 = Debug|Any CPU
		{D7243BDC-EE45-4299-BD0B-CFB5B5C94008}.Release|Any CPU.ActiveCfg = Release|Any CPU
		{D7243BDC-EE45-4299-BD0B-CFB5B5C94008}.Release|Any CPU.Build.0 = Release|Any CPU
	EndGlobalSection
	GlobalSection(SolutionProperties) = preSolution
		HideSolutionNode = FALSE
	EndGlobalSection
	GlobalSection(ExtensibilityGlobals) = postSolution
		SolutionGuid = {F617C4BB-C209-4C04-981C-43CCA9F3514B}
	EndGlobalSection
EndGlobal
